// !$*UTF8*$!
{
	archiveVersion = 1;
	classes = {
	};
	objectVersion = 56;
	objects = {

/* Begin PBXBuildFile section */
		50959C16B4FC137DD1ED07F9 /* Pods_Infinite_Gallery.framework in Frameworks */ = {isa = PBXBuildFile; fileRef = D4EC94A478998EBFBF860972 /* Pods_Infinite_Gallery.framework */; };
		56E834092BD987EC00C0259A /* AppDelegate.swift in Sources */ = {isa = PBXBuildFile; fileRef = 56E834082BD987EC00C0259A /* AppDelegate.swift */; };
		56E8340B2BD987EC00C0259A /* SceneDelegate.swift in Sources */ = {isa = PBXBuildFile; fileRef = 56E8340A2BD987EC00C0259A /* SceneDelegate.swift */; };
		56E8340D2BD987EC00C0259A /* GalleryViewController.swift in Sources */ = {isa = PBXBuildFile; fileRef = 56E8340C2BD987EC00C0259A /* GalleryViewController.swift */; };
		56E834122BD987F200C0259A /* Assets.xcassets in Resources */ = {isa = PBXBuildFile; fileRef = 56E834112BD987F200C0259A /* Assets.xcassets */; };
		56E834152BD987F200C0259A /* Base in Resources */ = {isa = PBXBuildFile; fileRef = 56E834142BD987F200C0259A /* Base */; };
		56E834232BD98D6500C0259A /* AlbumViewModel.swift in Sources */ = {isa = PBXBuildFile; fileRef = 56E834222BD98D6500C0259A /* AlbumViewModel.swift */; };
		56E834282BD98E8B00C0259A /* View.swift in Sources */ = {isa = PBXBuildFile; fileRef = 56E834252BD98E8B00C0259A /* View.swift */; };
		56E834292BD98E8B00C0259A /* ViewModel.swift in Sources */ = {isa = PBXBuildFile; fileRef = 56E834262BD98E8B00C0259A /* ViewModel.swift */; };
		56E8342A2BD98E8B00C0259A /* Controller.swift in Sources */ = {isa = PBXBuildFile; fileRef = 56E834272BD98E8B00C0259A /* Controller.swift */; };
		56E8342C2BD98EB000C0259A /* AlbumView.swift in Sources */ = {isa = PBXBuildFile; fileRef = 56E8342B2BD98EB000C0259A /* AlbumView.swift */; };
		56E834302BD9961200C0259A /* ImageCell.swift in Sources */ = {isa = PBXBuildFile; fileRef = 56E8342F2BD9961200C0259A /* ImageCell.swift */; };
		56E834322BD99DDA00C0259A /* GalleryView.swift in Sources */ = {isa = PBXBuildFile; fileRef = 56E834312BD99DDA00C0259A /* GalleryView.swift */; };
		56E834342BD99E3F00C0259A /* GalleryViewModel.swift in Sources */ = {isa = PBXBuildFile; fileRef = 56E834332BD99E3F00C0259A /* GalleryViewModel.swift */; };
		56E834362BD99FF900C0259A /* AlbumCell.swift in Sources */ = {isa = PBXBuildFile; fileRef = 56E834352BD99FF900C0259A /* AlbumCell.swift */; };
		56E8343A2BDAB32300C0259A /* APIManager.swift in Sources */ = {isa = PBXBuildFile; fileRef = 56E834392BDAB32300C0259A /* APIManager.swift */; };
		56E8343C2BDAB32E00C0259A /* RequestManager.swift in Sources */ = {isa = PBXBuildFile; fileRef = 56E8343B2BDAB32E00C0259A /* RequestManager.swift */; };
		56E8343E2BDAB3DD00C0259A /* Photo.swift in Sources */ = {isa = PBXBuildFile; fileRef = 56E8343D2BDAB3DD00C0259A /* Photo.swift */; };
		56E834402BDAB42500C0259A /* Album.swift in Sources */ = {isa = PBXBuildFile; fileRef = 56E8343F2BDAB42500C0259A /* Album.swift */; };
		56E834422BDAB98C00C0259A /* AlbumModel.swift in Sources */ = {isa = PBXBuildFile; fileRef = 56E834412BDAB98C00C0259A /* AlbumModel.swift */; };
		56E834452BDADDE900C0259A /* RealmManager.swift in Sources */ = {isa = PBXBuildFile; fileRef = 56E834442BDADDE900C0259A /* RealmManager.swift */; };
		56E834472BDAFC9C00C0259A /* PhotoModel.swift in Sources */ = {isa = PBXBuildFile; fileRef = 56E834462BDAFC9C00C0259A /* PhotoModel.swift */; };
		56E8344D2BDC0B6500C0259A /* AlbumUseCase.swift in Sources */ = {isa = PBXBuildFile; fileRef = 56E8344C2BDC0B6500C0259A /* AlbumUseCase.swift */; };
		56E8344F2BDC0B6D00C0259A /* GalleryUseCase.swift in Sources */ = {isa = PBXBuildFile; fileRef = 56E8344E2BDC0B6D00C0259A /* GalleryUseCase.swift */; };
		56E834512BDC297800C0259A /* ImageModel.swift in Sources */ = {isa = PBXBuildFile; fileRef = 56E834502BDC297800C0259A /* ImageModel.swift */; };
/* End PBXBuildFile section */

/* Begin PBXFileReference section */
		09A885CDCD1F35B660816A6D /* Pods-Infinite Gallery.release.xcconfig */ = {isa = PBXFileReference; includeInIndex = 1; lastKnownFileType = text.xcconfig; name = "Pods-Infinite Gallery.release.xcconfig"; path = "Target Support Files/Pods-Infinite Gallery/Pods-Infinite Gallery.release.xcconfig"; sourceTree = "<group>"; };
		56E834052BD987EC00C0259A /* Infinite Gallery.app */ = {isa = PBXFileReference; explicitFileType = wrapper.application; includeInIndex = 0; path = "Infinite Gallery.app"; sourceTree = BUILT_PRODUCTS_DIR; };
		56E834082BD987EC00C0259A /* AppDelegate.swift */ = {isa = PBXFileReference; lastKnownFileType = sourcecode.swift; path = AppDelegate.swift; sourceTree = "<group>"; };
		56E8340A2BD987EC00C0259A /* SceneDelegate.swift */ = {isa = PBXFileReference; lastKnownFileType = sourcecode.swift; path = SceneDelegate.swift; sourceTree = "<group>"; };
		56E8340C2BD987EC00C0259A /* GalleryViewController.swift */ = {isa = PBXFileReference; lastKnownFileType = sourcecode.swift; path = GalleryViewController.swift; sourceTree = "<group>"; };
		56E834112BD987F200C0259A /* Assets.xcassets */ = {isa = PBXFileReference; lastKnownFileType = folder.assetcatalog; path = Assets.xcassets; sourceTree = "<group>"; };
		56E834142BD987F200C0259A /* Base */ = {isa = PBXFileReference; lastKnownFileType = file.storyboard; name = Base; path = Base.lproj/LaunchScreen.storyboard; sourceTree = "<group>"; };
		56E834162BD987F200C0259A /* Info.plist */ = {isa = PBXFileReference; lastKnownFileType = text.plist.xml; path = Info.plist; sourceTree = "<group>"; };
		56E834222BD98D6500C0259A /* AlbumViewModel.swift */ = {isa = PBXFileReference; lastKnownFileType = sourcecode.swift; path = AlbumViewModel.swift; sourceTree = "<group>"; };
		56E834252BD98E8B00C0259A /* View.swift */ = {isa = PBXFileReference; fileEncoding = 4; lastKnownFileType = sourcecode.swift; path = View.swift; sourceTree = "<group>"; };
		56E834262BD98E8B00C0259A /* ViewModel.swift */ = {isa = PBXFileReference; fileEncoding = 4; lastKnownFileType = sourcecode.swift; path = ViewModel.swift; sourceTree = "<group>"; };
		56E834272BD98E8B00C0259A /* Controller.swift */ = {isa = PBXFileReference; fileEncoding = 4; lastKnownFileType = sourcecode.swift; path = Controller.swift; sourceTree = "<group>"; };
		56E8342B2BD98EB000C0259A /* AlbumView.swift */ = {isa = PBXFileReference; lastKnownFileType = sourcecode.swift; path = AlbumView.swift; sourceTree = "<group>"; };
		56E8342F2BD9961200C0259A /* ImageCell.swift */ = {isa = PBXFileReference; lastKnownFileType = sourcecode.swift; path = ImageCell.swift; sourceTree = "<group>"; };
		56E834312BD99DDA00C0259A /* GalleryView.swift */ = {isa = PBXFileReference; lastKnownFileType = sourcecode.swift; path = GalleryView.swift; sourceTree = "<group>"; };
		56E834332BD99E3F00C0259A /* GalleryViewModel.swift */ = {isa = PBXFileReference; lastKnownFileType = sourcecode.swift; path = GalleryViewModel.swift; sourceTree = "<group>"; };
		56E834352BD99FF900C0259A /* AlbumCell.swift */ = {isa = PBXFileReference; lastKnownFileType = sourcecode.swift; path = AlbumCell.swift; sourceTree = "<group>"; };
		56E834392BDAB32300C0259A /* APIManager.swift */ = {isa = PBXFileReference; lastKnownFileType = sourcecode.swift; path = APIManager.swift; sourceTree = "<group>"; };
		56E8343B2BDAB32E00C0259A /* RequestManager.swift */ = {isa = PBXFileReference; lastKnownFileType = sourcecode.swift; path = RequestManager.swift; sourceTree = "<group>"; };
		56E8343D2BDAB3DD00C0259A /* Photo.swift */ = {isa = PBXFileReference; lastKnownFileType = sourcecode.swift; path = Photo.swift; sourceTree = "<group>"; };
		56E8343F2BDAB42500C0259A /* Album.swift */ = {isa = PBXFileReference; lastKnownFileType = sourcecode.swift; path = Album.swift; sourceTree = "<group>"; };
		56E834412BDAB98C00C0259A /* AlbumModel.swift */ = {isa = PBXFileReference; lastKnownFileType = sourcecode.swift; path = AlbumModel.swift; sourceTree = "<group>"; };
		56E834442BDADDE900C0259A /* RealmManager.swift */ = {isa = PBXFileReference; lastKnownFileType = sourcecode.swift; path = RealmManager.swift; sourceTree = "<group>"; };
		56E834462BDAFC9C00C0259A /* PhotoModel.swift */ = {isa = PBXFileReference; lastKnownFileType = sourcecode.swift; path = PhotoModel.swift; sourceTree = "<group>"; };
		56E8344C2BDC0B6500C0259A /* AlbumUseCase.swift */ = {isa = PBXFileReference; lastKnownFileType = sourcecode.swift; path = AlbumUseCase.swift; sourceTree = "<group>"; };
		56E8344E2BDC0B6D00C0259A /* GalleryUseCase.swift */ = {isa = PBXFileReference; lastKnownFileType = sourcecode.swift; path = GalleryUseCase.swift; sourceTree = "<group>"; };
		56E834502BDC297800C0259A /* ImageModel.swift */ = {isa = PBXFileReference; lastKnownFileType = sourcecode.swift; path = ImageModel.swift; sourceTree = "<group>"; };
		D4EC94A478998EBFBF860972 /* Pods_Infinite_Gallery.framework */ = {isa = PBXFileReference; explicitFileType = wrapper.framework; includeInIndex = 0; path = Pods_Infinite_Gallery.framework; sourceTree = BUILT_PRODUCTS_DIR; };
		FD6B40051F2DF4EBAF509ED1 /* Pods-Infinite Gallery.debug.xcconfig */ = {isa = PBXFileReference; includeInIndex = 1; lastKnownFileType = text.xcconfig; name = "Pods-Infinite Gallery.debug.xcconfig"; path = "Target Support Files/Pods-Infinite Gallery/Pods-Infinite Gallery.debug.xcconfig"; sourceTree = "<group>"; };
/* End PBXFileReference section */

/* Begin PBXFrameworksBuildPhase section */
		56E834022BD987EC00C0259A /* Frameworks */ = {
			isa = PBXFrameworksBuildPhase;
			buildActionMask = 2147483647;
			files = (
				50959C16B4FC137DD1ED07F9 /* Pods_Infinite_Gallery.framework in Frameworks */,
			);
			runOnlyForDeploymentPostprocessing = 0;
		};
/* End PBXFrameworksBuildPhase section */

/* Begin PBXGroup section */
		075D24B26019739DACE9B751 /* Frameworks */ = {
			isa = PBXGroup;
			children = (
				D4EC94A478998EBFBF860972 /* Pods_Infinite_Gallery.framework */,
			);
			name = Frameworks;
			sourceTree = "<group>";
		};
		56E833FC2BD987EC00C0259A = {
			isa = PBXGroup;
			children = (
				56E834072BD987EC00C0259A /* Infinite Gallery */,
				56E834062BD987EC00C0259A /* Products */,
				FEEDE45CAF941C4D06F71537 /* Pods */,
				075D24B26019739DACE9B751 /* Frameworks */,
			);
			sourceTree = "<group>";
		};
		56E834062BD987EC00C0259A /* Products */ = {
			isa = PBXGroup;
			children = (
				56E834052BD987EC00C0259A /* Infinite Gallery.app */,
			);
			name = Products;
			sourceTree = "<group>";
		};
		56E834072BD987EC00C0259A /* Infinite Gallery */ = {
			isa = PBXGroup;
			children = (
				56E8341C2BD98C3700C0259A /* Application */,
				56E8341D2BD98C6800C0259A /* Domain */,
				56E8341E2BD98C6E00C0259A /* Presentation */,
				56E8341F2BD98C7700C0259A /* Data */,
				56E834202BD98CA800C0259A /* Resources */,
			);
			path = "Infinite Gallery";
			sourceTree = "<group>";
		};
		56E8341C2BD98C3700C0259A /* Application */ = {
			isa = PBXGroup;
			children = (
				56E834082BD987EC00C0259A /* AppDelegate.swift */,
				56E8340A2BD987EC00C0259A /* SceneDelegate.swift */,
				56E834132BD987F200C0259A /* LaunchScreen.storyboard */,
				56E834162BD987F200C0259A /* Info.plist */,
			);
			path = Application;
			sourceTree = "<group>";
		};
		56E8341D2BD98C6800C0259A /* Domain */ = {
			isa = PBXGroup;
			children = (
				56E834492BDC08BA00C0259A /* Use Cases */,
				56E834482BDC08AD00C0259A /* Entities */,
			);
			path = Domain;
			sourceTree = "<group>";
		};
		56E8341E2BD98C6E00C0259A /* Presentation */ = {
			isa = PBXGroup;
			children = (
				56E834242BD98E5E00C0259A /* Common */,
				56E834212BD98D1900C0259A /* Gallery */,
			);
			path = Presentation;
			sourceTree = "<group>";
		};
		56E8341F2BD98C7700C0259A /* Data */ = {
			isa = PBXGroup;
			children = (
				56E8344B2BDC08D500C0259A /* Remote */,
				56E8344A2BDC08CC00C0259A /* Local */,
			);
			path = Data;
			sourceTree = "<group>";
		};
		56E834202BD98CA800C0259A /* Resources */ = {
			isa = PBXGroup;
			children = (
				56E834112BD987F200C0259A /* Assets.xcassets */,
			);
			path = Resources;
			sourceTree = "<group>";
		};
		56E834212BD98D1900C0259A /* Gallery */ = {
			isa = PBXGroup;
			children = (
				56E8342D2BD995EC00C0259A /* View */,
				56E8342E2BD995FA00C0259A /* View Model */,
			);
			path = Gallery;
			sourceTree = "<group>";
		};
		56E834242BD98E5E00C0259A /* Common */ = {
			isa = PBXGroup;
			children = (
				56E834272BD98E8B00C0259A /* Controller.swift */,
				56E834252BD98E8B00C0259A /* View.swift */,
				56E834262BD98E8B00C0259A /* ViewModel.swift */,
			);
			path = Common;
			sourceTree = "<group>";
		};
		56E8342D2BD995EC00C0259A /* View */ = {
			isa = PBXGroup;
			children = (
				56E8340C2BD987EC00C0259A /* GalleryViewController.swift */,
				56E834312BD99DDA00C0259A /* GalleryView.swift */,
				56E834352BD99FF900C0259A /* AlbumCell.swift */,
				56E8342B2BD98EB000C0259A /* AlbumView.swift */,
				56E8342F2BD9961200C0259A /* ImageCell.swift */,
			);
			path = View;
			sourceTree = "<group>";
		};
		56E8342E2BD995FA00C0259A /* View Model */ = {
			isa = PBXGroup;
			children = (
				56E834332BD99E3F00C0259A /* GalleryViewModel.swift */,
				56E834222BD98D6500C0259A /* AlbumViewModel.swift */,
			);
			path = "View Model";
			sourceTree = "<group>";
		};
		56E834482BDC08AD00C0259A /* Entities */ = {
			isa = PBXGroup;
			children = (
				56E8343F2BDAB42500C0259A /* Album.swift */,
				56E8343D2BDAB3DD00C0259A /* Photo.swift */,
				56E834412BDAB98C00C0259A /* AlbumModel.swift */,
				56E834462BDAFC9C00C0259A /* PhotoModel.swift */,
				56E834502BDC297800C0259A /* ImageModel.swift */,
			);
			path = Entities;
			sourceTree = "<group>";
		};
		56E834492BDC08BA00C0259A /* Use Cases */ = {
			isa = PBXGroup;
			children = (
				56E8344E2BDC0B6D00C0259A /* GalleryUseCase.swift */,
				56E8344C2BDC0B6500C0259A /* AlbumUseCase.swift */,
			);
			path = "Use Cases";
			sourceTree = "<group>";
		};
		56E8344A2BDC08CC00C0259A /* Local */ = {
			isa = PBXGroup;
			children = (
				56E834442BDADDE900C0259A /* RealmManager.swift */,
			);
			path = Local;
			sourceTree = "<group>";
		};
		56E8344B2BDC08D500C0259A /* Remote */ = {
			isa = PBXGroup;
			children = (
				56E834392BDAB32300C0259A /* APIManager.swift */,
				56E8343B2BDAB32E00C0259A /* RequestManager.swift */,
			);
			path = Remote;
			sourceTree = "<group>";
		};
		FEEDE45CAF941C4D06F71537 /* Pods */ = {
			isa = PBXGroup;
			children = (
				FD6B40051F2DF4EBAF509ED1 /* Pods-Infinite Gallery.debug.xcconfig */,
				09A885CDCD1F35B660816A6D /* Pods-Infinite Gallery.release.xcconfig */,
			);
			path = Pods;
			sourceTree = "<group>";
		};
/* End PBXGroup section */

/* Begin PBXNativeTarget section */
		56E834042BD987EC00C0259A /* Infinite Gallery */ = {
			isa = PBXNativeTarget;
			buildConfigurationList = 56E834192BD987F200C0259A /* Build configuration list for PBXNativeTarget "Infinite Gallery" */;
			buildPhases = (
				537844F38B88ED97CA9B6E41 /* [CP] Check Pods Manifest.lock */,
				56E834012BD987EC00C0259A /* Sources */,
				56E834022BD987EC00C0259A /* Frameworks */,
				56E834032BD987EC00C0259A /* Resources */,
				E2D4840E23AFC987B559C97C /* [CP] Embed Pods Frameworks */,
			);
			buildRules = (
			);
			dependencies = (
			);
			name = "Infinite Gallery";
			productName = "Infinite Gallery";
			productReference = 56E834052BD987EC00C0259A /* Infinite Gallery.app */;
			productType = "com.apple.product-type.application";
		};
/* End PBXNativeTarget section */

/* Begin PBXProject section */
		56E833FD2BD987EC00C0259A /* Project object */ = {
			isa = PBXProject;
			attributes = {
				BuildIndependentTargetsInParallel = 1;
				LastSwiftUpdateCheck = 1530;
				LastUpgradeCheck = 1530;
				TargetAttributes = {
					56E834042BD987EC00C0259A = {
						CreatedOnToolsVersion = 15.3;
					};
				};
			};
			buildConfigurationList = 56E834002BD987EC00C0259A /* Build configuration list for PBXProject "Infinite Gallery" */;
			compatibilityVersion = "Xcode 14.0";
			developmentRegion = en;
			hasScannedForEncodings = 0;
			knownRegions = (
				en,
				Base,
			);
			mainGroup = 56E833FC2BD987EC00C0259A;
			productRefGroup = 56E834062BD987EC00C0259A /* Products */;
			projectDirPath = "";
			projectRoot = "";
			targets = (
				56E834042BD987EC00C0259A /* Infinite Gallery */,
			);
		};
/* End PBXProject section */

/* Begin PBXResourcesBuildPhase section */
		56E834032BD987EC00C0259A /* Resources */ = {
			isa = PBXResourcesBuildPhase;
			buildActionMask = 2147483647;
			files = (
				56E834122BD987F200C0259A /* Assets.xcassets in Resources */,
				56E834152BD987F200C0259A /* Base in Resources */,
			);
			runOnlyForDeploymentPostprocessing = 0;
		};
/* End PBXResourcesBuildPhase section */

/* Begin PBXShellScriptBuildPhase section */
		537844F38B88ED97CA9B6E41 /* [CP] Check Pods Manifest.lock */ = {
			isa = PBXShellScriptBuildPhase;
			buildActionMask = 2147483647;
			files = (
			);
			inputFileListPaths = (
			);
			inputPaths = (
				"${PODS_PODFILE_DIR_PATH}/Podfile.lock",
				"${PODS_ROOT}/Manifest.lock",
			);
			name = "[CP] Check Pods Manifest.lock";
			outputFileListPaths = (
			);
			outputPaths = (
				"$(DERIVED_FILE_DIR)/Pods-Infinite Gallery-checkManifestLockResult.txt",
			);
			runOnlyForDeploymentPostprocessing = 0;
			shellPath = /bin/sh;
			shellScript = "diff \"${PODS_PODFILE_DIR_PATH}/Podfile.lock\" \"${PODS_ROOT}/Manifest.lock\" > /dev/null\nif [ $? != 0 ] ; then\n    # print error to STDERR\n    echo \"error: The sandbox is not in sync with the Podfile.lock. Run 'pod install' or update your CocoaPods installation.\" >&2\n    exit 1\nfi\n# This output is used by Xcode 'outputs' to avoid re-running this script phase.\necho \"SUCCESS\" > \"${SCRIPT_OUTPUT_FILE_0}\"\n";
			showEnvVarsInLog = 0;
		};
		E2D4840E23AFC987B559C97C /* [CP] Embed Pods Frameworks */ = {
			isa = PBXShellScriptBuildPhase;
			buildActionMask = 2147483647;
			files = (
			);
			inputFileListPaths = (
				"${PODS_ROOT}/Target Support Files/Pods-Infinite Gallery/Pods-Infinite Gallery-frameworks-${CONFIGURATION}-input-files.xcfilelist",
			);
			name = "[CP] Embed Pods Frameworks";
			outputFileListPaths = (
				"${PODS_ROOT}/Target Support Files/Pods-Infinite Gallery/Pods-Infinite Gallery-frameworks-${CONFIGURATION}-output-files.xcfilelist",
			);
			runOnlyForDeploymentPostprocessing = 0;
			shellPath = /bin/sh;
			shellScript = "\"${PODS_ROOT}/Target Support Files/Pods-Infinite Gallery/Pods-Infinite Gallery-frameworks.sh\"\n";
			showEnvVarsInLog = 0;
		};
/* End PBXShellScriptBuildPhase section */

/* Begin PBXSourcesBuildPhase section */
		56E834012BD987EC00C0259A /* Sources */ = {
			isa = PBXSourcesBuildPhase;
			buildActionMask = 2147483647;
			files = (
				56E8340D2BD987EC00C0259A /* GalleryViewController.swift in Sources */,
				56E834232BD98D6500C0259A /* AlbumViewModel.swift in Sources */,
				56E834282BD98E8B00C0259A /* View.swift in Sources */,
				56E834302BD9961200C0259A /* ImageCell.swift in Sources */,
				56E834092BD987EC00C0259A /* AppDelegate.swift in Sources */,
				56E834472BDAFC9C00C0259A /* PhotoModel.swift in Sources */,
				56E834452BDADDE900C0259A /* RealmManager.swift in Sources */,
				56E834292BD98E8B00C0259A /* ViewModel.swift in Sources */,
				56E8340B2BD987EC00C0259A /* SceneDelegate.swift in Sources */,
				56E834402BDAB42500C0259A /* Album.swift in Sources */,
				56E834342BD99E3F00C0259A /* GalleryViewModel.swift in Sources */,
				56E834512BDC297800C0259A /* ImageModel.swift in Sources */,
				56E8344F2BDC0B6D00C0259A /* GalleryUseCase.swift in Sources */,
				56E8342A2BD98E8B00C0259A /* Controller.swift in Sources */,
				56E8343E2BDAB3DD00C0259A /* Photo.swift in Sources */,
				56E8342C2BD98EB000C0259A /* AlbumView.swift in Sources */,
				56E834422BDAB98C00C0259A /* AlbumModel.swift in Sources */,
				56E8344D2BDC0B6500C0259A /* AlbumUseCase.swift in Sources */,
				56E8343A2BDAB32300C0259A /* APIManager.swift in Sources */,
				56E8343C2BDAB32E00C0259A /* RequestManager.swift in Sources */,
				56E834322BD99DDA00C0259A /* GalleryView.swift in Sources */,
				56E834362BD99FF900C0259A /* AlbumCell.swift in Sources */,
			);
			runOnlyForDeploymentPostprocessing = 0;
		};
/* End PBXSourcesBuildPhase section */

/* Begin PBXVariantGroup section */
		56E834132BD987F200C0259A /* LaunchScreen.storyboard */ = {
			isa = PBXVariantGroup;
			children = (
				56E834142BD987F200C0259A /* Base */,
			);
			name = LaunchScreen.storyboard;
			sourceTree = "<group>";
		};
/* End PBXVariantGroup section */

/* Begin XCBuildConfiguration section */
		56E834172BD987F200C0259A /* Debug */ = {
			isa = XCBuildConfiguration;
			buildSettings = {
				ALWAYS_SEARCH_USER_PATHS = NO;
				ASSETCATALOG_COMPILER_GENERATE_SWIFT_ASSET_SYMBOL_EXTENSIONS = YES;
				CLANG_ANALYZER_NONNULL = YES;
				CLANG_ANALYZER_NUMBER_OBJECT_CONVERSION = YES_AGGRESSIVE;
				CLANG_CXX_LANGUAGE_STANDARD = "gnu++20";
				CLANG_ENABLE_MODULES = YES;
				CLANG_ENABLE_OBJC_ARC = YES;
				CLANG_ENABLE_OBJC_WEAK = YES;
				CLANG_WARN_BLOCK_CAPTURE_AUTORELEASING = YES;
				CLANG_WARN_BOOL_CONVERSION = YES;
				CLANG_WARN_COMMA = YES;
				CLANG_WARN_CONSTANT_CONVERSION = YES;
				CLANG_WARN_DEPRECATED_OBJC_IMPLEMENTATIONS = YES;
				CLANG_WARN_DIRECT_OBJC_ISA_USAGE = YES_ERROR;
				CLANG_WARN_DOCUMENTATION_COMMENTS = YES;
				CLANG_WARN_EMPTY_BODY = YES;
				CLANG_WARN_ENUM_CONVERSION = YES;
				CLANG_WARN_INFINITE_RECURSION = YES;
				CLANG_WARN_INT_CONVERSION = YES;
				CLANG_WARN_NON_LITERAL_NULL_CONVERSION = YES;
				CLANG_WARN_OBJC_IMPLICIT_RETAIN_SELF = YES;
				CLANG_WARN_OBJC_LITERAL_CONVERSION = YES;
				CLANG_WARN_OBJC_ROOT_CLASS = YES_ERROR;
				CLANG_WARN_QUOTED_INCLUDE_IN_FRAMEWORK_HEADER = YES;
				CLANG_WARN_RANGE_LOOP_ANALYSIS = YES;
				CLANG_WARN_STRICT_PROTOTYPES = YES;
				CLANG_WARN_SUSPICIOUS_MOVE = YES;
				CLANG_WARN_UNGUARDED_AVAILABILITY = YES_AGGRESSIVE;
				CLANG_WARN_UNREACHABLE_CODE = YES;
				CLANG_WARN__DUPLICATE_METHOD_MATCH = YES;
				COPY_PHASE_STRIP = NO;
				DEBUG_INFORMATION_FORMAT = dwarf;
				ENABLE_STRICT_OBJC_MSGSEND = YES;
				ENABLE_TESTABILITY = YES;
				ENABLE_USER_SCRIPT_SANDBOXING = NO;
				GCC_C_LANGUAGE_STANDARD = gnu17;
				GCC_DYNAMIC_NO_PIC = NO;
				GCC_NO_COMMON_BLOCKS = YES;
				GCC_OPTIMIZATION_LEVEL = 0;
				GCC_PREPROCESSOR_DEFINITIONS = (
					"DEBUG=1",
					"$(inherited)",
				);
				GCC_WARN_64_TO_32_BIT_CONVERSION = YES;
				GCC_WARN_ABOUT_RETURN_TYPE = YES_ERROR;
				GCC_WARN_UNDECLARED_SELECTOR = YES;
				GCC_WARN_UNINITIALIZED_AUTOS = YES_AGGRESSIVE;
				GCC_WARN_UNUSED_FUNCTION = YES;
				GCC_WARN_UNUSED_VARIABLE = YES;
				IPHONEOS_DEPLOYMENT_TARGET = 17.4;
				LOCALIZATION_PREFERS_STRING_CATALOGS = YES;
				MTL_ENABLE_DEBUG_INFO = INCLUDE_SOURCE;
				MTL_FAST_MATH = YES;
				ONLY_ACTIVE_ARCH = YES;
				SDKROOT = iphoneos;
				SWIFT_ACTIVE_COMPILATION_CONDITIONS = "DEBUG $(inherited)";
				SWIFT_OPTIMIZATION_LEVEL = "-Onone";
			};
			name = Debug;
		};
		56E834182BD987F200C0259A /* Release */ = {
			isa = XCBuildConfiguration;
			buildSettings = {
				ALWAYS_SEARCH_USER_PATHS = NO;
				ASSETCATALOG_COMPILER_GENERATE_SWIFT_ASSET_SYMBOL_EXTENSIONS = YES;
				CLANG_ANALYZER_NONNULL = YES;
				CLANG_ANALYZER_NUMBER_OBJECT_CONVERSION = YES_AGGRESSIVE;
				CLANG_CXX_LANGUAGE_STANDARD = "gnu++20";
				CLANG_ENABLE_MODULES = YES;
				CLANG_ENABLE_OBJC_ARC = YES;
				CLANG_ENABLE_OBJC_WEAK = YES;
				CLANG_WARN_BLOCK_CAPTURE_AUTORELEASING = YES;
				CLANG_WARN_BOOL_CONVERSION = YES;
				CLANG_WARN_COMMA = YES;
				CLANG_WARN_CONSTANT_CONVERSION = YES;
				CLANG_WARN_DEPRECATED_OBJC_IMPLEMENTATIONS = YES;
				CLANG_WARN_DIRECT_OBJC_ISA_USAGE = YES_ERROR;
				CLANG_WARN_DOCUMENTATION_COMMENTS = YES;
				CLANG_WARN_EMPTY_BODY = YES;
				CLANG_WARN_ENUM_CONVERSION = YES;
				CLANG_WARN_INFINITE_RECURSION = YES;
				CLANG_WARN_INT_CONVERSION = YES;
				CLANG_WARN_NON_LITERAL_NULL_CONVERSION = YES;
				CLANG_WARN_OBJC_IMPLICIT_RETAIN_SELF = YES;
				CLANG_WARN_OBJC_LITERAL_CONVERSION = YES;
				CLANG_WARN_OBJC_ROOT_CLASS = YES_ERROR;
				CLANG_WARN_QUOTED_INCLUDE_IN_FRAMEWORK_HEADER = YES;
				CLANG_WARN_RANGE_LOOP_ANALYSIS = YES;
				CLANG_WARN_STRICT_PROTOTYPES = YES;
				CLANG_WARN_SUSPICIOUS_MOVE = YES;
				CLANG_WARN_UNGUARDED_AVAILABILITY = YES_AGGRESSIVE;
				CLANG_WARN_UNREACHABLE_CODE = YES;
				CLANG_WARN__DUPLICATE_METHOD_MATCH = YES;
				COPY_PHASE_STRIP = NO;
				DEBUG_INFORMATION_FORMAT = "dwarf-with-dsym";
				ENABLE_NS_ASSERTIONS = NO;
				ENABLE_STRICT_OBJC_MSGSEND = YES;
				ENABLE_USER_SCRIPT_SANDBOXING = NO;
				GCC_C_LANGUAGE_STANDARD = gnu17;
				GCC_NO_COMMON_BLOCKS = YES;
				GCC_WARN_64_TO_32_BIT_CONVERSION = YES;
				GCC_WARN_ABOUT_RETURN_TYPE = YES_ERROR;
				GCC_WARN_UNDECLARED_SELECTOR = YES;
				GCC_WARN_UNINITIALIZED_AUTOS = YES_AGGRESSIVE;
				GCC_WARN_UNUSED_FUNCTION = YES;
				GCC_WARN_UNUSED_VARIABLE = YES;
				IPHONEOS_DEPLOYMENT_TARGET = 17.4;
				LOCALIZATION_PREFERS_STRING_CATALOGS = YES;
				MTL_ENABLE_DEBUG_INFO = NO;
				MTL_FAST_MATH = YES;
				SDKROOT = iphoneos;
				SWIFT_COMPILATION_MODE = wholemodule;
				VALIDATE_PRODUCT = YES;
			};
			name = Release;
		};
		56E8341A2BD987F200C0259A /* Debug */ = {
			isa = XCBuildConfiguration;
			baseConfigurationReference = FD6B40051F2DF4EBAF509ED1 /* Pods-Infinite Gallery.debug.xcconfig */;
			buildSettings = {
				ASSETCATALOG_COMPILER_APPICON_NAME = AppIcon;
				ASSETCATALOG_COMPILER_GLOBAL_ACCENT_COLOR_NAME = AccentColor;
				CODE_SIGN_STYLE = Automatic;
				CURRENT_PROJECT_VERSION = 1;
				DEVELOPMENT_TEAM = 7K4QY5L96D;
				GENERATE_INFOPLIST_FILE = YES;
				INFOPLIST_FILE = "Infinite Gallery/Application/Info.plist";
				INFOPLIST_KEY_UIApplicationSupportsIndirectInputEvents = YES;
				INFOPLIST_KEY_UILaunchStoryboardName = LaunchScreen;
				INFOPLIST_KEY_UIMainStoryboardFile = "";
				INFOPLIST_KEY_UISupportedInterfaceOrientations = UIInterfaceOrientationPortrait;
				INFOPLIST_KEY_UISupportedInterfaceOrientations_iPad = "UIInterfaceOrientationLandscapeLeft UIInterfaceOrientationLandscapeRight UIInterfaceOrientationPortrait UIInterfaceOrientationPortraitUpsideDown";
				LD_RUNPATH_SEARCH_PATHS = (
					"$(inherited)",
					"@executable_path/Frameworks",
				);
				MARKETING_VERSION = 1.0;
				PRODUCT_BUNDLE_IDENTIFIER = "com.ArthurAvagyan.Infinite-Gallery";
				PRODUCT_NAME = "$(TARGET_NAME)";
				SUPPORTED_PLATFORMS = "iphoneos iphonesimulator";
				SUPPORTS_MACCATALYST = NO;
				SUPPORTS_MAC_DESIGNED_FOR_IPHONE_IPAD = NO;
				SUPPORTS_XR_DESIGNED_FOR_IPHONE_IPAD = NO;
				SWIFT_EMIT_LOC_STRINGS = YES;
				SWIFT_VERSION = 5.0;
				TARGETED_DEVICE_FAMILY = 1;
			};
			name = Debug;
		};
		56E8341B2BD987F200C0259A /* Release */ = {
			isa = XCBuildConfiguration;
			baseConfigurationReference = 09A885CDCD1F35B660816A6D /* Pods-Infinite Gallery.release.xcconfig */;
			buildSettings = {
				ASSETCATALOG_COMPILER_APPICON_NAME = AppIcon;
				ASSETCATALOG_COMPILER_GLOBAL_ACCENT_COLOR_NAME = AccentColor;
				CODE_SIGN_STYLE = Automatic;
				CURRENT_PROJECT_VERSION = 1;
				DEVELOPMENT_TEAM = 7K4QY5L96D;
				GENERATE_INFOPLIST_FILE = YES;
				INFOPLIST_FILE = "Infinite Gallery/Application/Info.plist";
				INFOPLIST_KEY_UIApplicationSupportsIndirectInputEvents = YES;
				INFOPLIST_KEY_UILaunchStoryboardName = LaunchScreen;
				INFOPLIST_KEY_UIMainStoryboardFile = "";
				INFOPLIST_KEY_UISupportedInterfaceOrientations = UIInterfaceOrientationPortrait;
				INFOPLIST_KEY_UISupportedInterfaceOrientations_iPad = "UIInterfaceOrientationLandscapeLeft UIInterfaceOrientationLandscapeRight UIInterfaceOrientationPortrait UIInterfaceOrientationPortraitUpsideDown";
				LD_RUNPATH_SEARCH_PATHS = (
					"$(inherited)",
					"@executable_path/Frameworks",
				);
				MARKETING_VERSION = 1.0;
				PRODUCT_BUNDLE_IDENTIFIER = "com.ArthurAvagyan.Infinite-Gallery";
				PRODUCT_NAME = "$(TARGET_NAME)";
				SUPPORTED_PLATFORMS = "iphoneos iphonesimulator";
				SUPPORTS_MACCATALYST = NO;
				SUPPORTS_MAC_DESIGNED_FOR_IPHONE_IPAD = NO;
				SUPPORTS_XR_DESIGNED_FOR_IPHONE_IPAD = NO;
				SWIFT_EMIT_LOC_STRINGS = YES;
				SWIFT_VERSION = 5.0;
				TARGETED_DEVICE_FAMILY = 1;
			};
			name = Release;
		};
/* End XCBuildConfiguration section */

/* Begin XCConfigurationList section */
		56E834002BD987EC00C0259A /* Build configuration list for PBXProject "Infinite Gallery" */ = {
			isa = XCConfigurationList;
			buildConfigurations = (
				56E834172BD987F200C0259A /* Debug */,
				56E834182BD987F200C0259A /* Release */,
			);
			defaultConfigurationIsVisible = 0;
			defaultConfigurationName = Release;
		};
		56E834192BD987F200C0259A /* Build configuration list for PBXNativeTarget "Infinite Gallery" */ = {
			isa = XCConfigurationList;
			buildConfigurations = (
				56E8341A2BD987F200C0259A /* Debug */,
				56E8341B2BD987F200C0259A /* Release */,
			);
			defaultConfigurationIsVisible = 0;
			defaultConfigurationName = Release;
		};
/* End XCConfigurationList section */
	};
	rootObject = 56E833FD2BD987EC00C0259A /* Project object */;
}
